
Microsoft Visual Studio Solution File, Format Version 12.00
# Visual Studio Version 17
VisualStudioVersion = 17.2.32630.192
MinimumVisualStudioVersion = 10.0.40219.1
Project("{9A19103F-16F7-4668-BE54-9A1E7A4F7556}") = "HumJ.Iot.GU256X128C", "HumJ.Iot.GU256X128C\HumJ.Iot.GU256X128C.csproj", "{9E0F473E-033A-4D17-B440-AB025A058C57}"
EndProject
Project("{9A19103F-16F7-4668-BE54-9A1E7A4F7556}") = "Test", "Test\Test.csproj", "{44EA0BB4-6A7F-442B-8FFE-8C703DA3C530}"
EndProject
Project("{9A19103F-16F7-4668-BE54-9A1E7A4F7556}") = "TestDMA", "TestDMA\TestDMA.csproj", "{BFB0F9F9-0A8B-4183-ABDB-DE8E5CD9ECAC}"
EndProject
Project("{FAE04EC0-301F-11D3-BF4B-00C04F79EFBC}") = "VideoToVfd", "VideoToVfd\VideoToVfd.csproj", "{395B06C9-C57A-4179-A954-F759B7B8642F}"
EndProject
Global
	GlobalSection(SolutionConfigurationPlatforms) = preSolution
		Debug|Any CPU = Debug|Any CPU
		Release|Any CPU = Release|Any CPU
	EndGlobalSection
	GlobalSection(ProjectConfigurationPlatforms) = postSolution
		{9E0F473E-033A-4D17-B440-AB025A058C57}.Debug|Any CPU.ActiveCfg = Debug|Any CPU
		{9E0F473E-033A-4D17-B440-AB025A058C57}.Debug|Any CPU.Build.0 = Debug|Any CPU
		{9E0F473E-033A-4D17-B440-AB025A058C57}.Release|Any CPU.ActiveCfg = Release|Any CPU
		{9E0F473E-033A-4D17-B440-AB025A058C57}.Release|Any CPU.Build.0 = Release|Any CPU
		{44EA0BB4-6A7F-442B-8FFE-8C703DA3C530}.Debug|Any CPU.ActiveCfg = Debug|Any CPU
		{44EA0BB4-6A7F-442B-8FFE-8C703DA3C530}.Debug|Any CPU.Build.0 = Debug|Any CPU
		{44EA0BB4-6A7F-442B-8FFE-8C703DA3C530}.Release|Any CPU.ActiveCfg = Release|Any CPU
		{44EA0BB4-6A7F-442B-8FFE-8C703DA3C530}.Release|Any CPU.Build.0 = Release|Any CPU
		{BFB0F9F9-0A8B-4183-ABDB-DE8E5CD9ECAC}.Debug|Any CPU.ActiveCfg = Debug|Any CPU
		{BFB0F9F9-0A8B-4183-ABDB-DE8E5CD9ECAC}.Debug|Any CPU.Build.0 = Debug|Any CPU
		{BFB0F9F9-0A8B-4183-ABDB-DE8E5CD9ECAC}.Release|Any CPU.ActiveCfg = Release|Any CPU
		{BFB0F9F9-0A8B-4183-ABDB-DE8E5CD9ECAC}.Release|Any CPU.Build.0 = Release|Any CPU
		{395B06C9-C57A-4179-A954-F759B7B8642F}.Debug|Any CPU.ActiveCfg = Debug|Any CPU
		{395B06C9-C57A-4179-A954-F759B7B8642F}.Debug|Any CPU.Build.0 = Debug|Any CPU
		{395B06C9-C57A-4179-A954-F759B7B8642F}.Release|Any CPU.ActiveCfg = Release|Any CPU
		{395B06C9-C57A-4179-A954-F759B7B8642F}.Release|Any CPU.Build.0 = Release|Any CPU
	EndGlobalSection
	GlobalSection(SolutionProperties) = preSolution
		HideSolutionNode = FALSE
	EndGlobalSection
	GlobalSection(ExtensibilityGlobals) = postSolution
		SolutionGuid = {394CE8E2-801C-44FB-8541-4C1DF0602430}
	EndGlobalSection
EndGlobal
